// !$*UTF8*$!
{
	archiveVersion = 1;
	classes = {
	};
	objectVersion = 56;
	objects = {

/* Begin PBXBuildFile section */
		C42522C02AF7971E00713390 /* AppDelegate.swift in Sources */ = {isa = PBXBuildFile; fileRef = C42522BF2AF7971E00713390 /* AppDelegate.swift */; };
		C42522C22AF7971E00713390 /* SceneDelegate.swift in Sources */ = {isa = PBXBuildFile; fileRef = C42522C12AF7971E00713390 /* SceneDelegate.swift */; };
		C42522C42AF7971E00713390 /* MainTabBarViewController.swift in Sources */ = {isa = PBXBuildFile; fileRef = C42522C32AF7971E00713390 /* MainTabBarViewController.swift */; };
		C42522C92AF7971F00713390 /* Assets.xcassets in Resources */ = {isa = PBXBuildFile; fileRef = C42522C82AF7971F00713390 /* Assets.xcassets */; };
		C42522CC2AF7971F00713390 /* LaunchScreen.storyboard in Resources */ = {isa = PBXBuildFile; fileRef = C42522CA2AF7971F00713390 /* LaunchScreen.storyboard */; };
		C42522D52AF799A000713390 /* HomeViewController.swift in Sources */ = {isa = PBXBuildFile; fileRef = C42522D42AF799A000713390 /* HomeViewController.swift */; };
		C42522D72AF79A2E00713390 /* UpcomingViewController.swift in Sources */ = {isa = PBXBuildFile; fileRef = C42522D62AF79A2E00713390 /* UpcomingViewController.swift */; };
		C42522D92AF79A8800713390 /* SearchViewController.swift in Sources */ = {isa = PBXBuildFile; fileRef = C42522D82AF79A8800713390 /* SearchViewController.swift */; };
		C42522DB2AF79ACB00713390 /* DownloadsViewController.swift in Sources */ = {isa = PBXBuildFile; fileRef = C42522DA2AF79ACB00713390 /* DownloadsViewController.swift */; };
		C42522E22AF7C99700713390 /* CollectionViewTableViewCell.swift in Sources */ = {isa = PBXBuildFile; fileRef = C42522E12AF7C99700713390 /* CollectionViewTableViewCell.swift */; };
		C42522E42AF7CF0F00713390 /* HeroHeaderUIView.swift in Sources */ = {isa = PBXBuildFile; fileRef = C42522E32AF7CF0F00713390 /* HeroHeaderUIView.swift */; };
		C42522E62AF7E6D700713390 /* APICaller.swift in Sources */ = {isa = PBXBuildFile; fileRef = C42522E52AF7E6D700713390 /* APICaller.swift */; };
		C42522E82AF7ED8C00713390 /* Title.swift in Sources */ = {isa = PBXBuildFile; fileRef = C42522E72AF7ED8C00713390 /* Title.swift */; };
		C42522EA2AF8015000713390 /* Extensions.swift in Sources */ = {isa = PBXBuildFile; fileRef = C42522E92AF8015000713390 /* Extensions.swift */; };
		C42522EE2AF80B9300713390 /* TitleCollectionViewCell.swift in Sources */ = {isa = PBXBuildFile; fileRef = C42522ED2AF80B9300713390 /* TitleCollectionViewCell.swift */; };
		C42522F12AF80E0B00713390 /* SDWebImage in Frameworks */ = {isa = PBXBuildFile; productRef = C42522F02AF80E0B00713390 /* SDWebImage */; };
		C42522F32AF80E0B00713390 /* SDWebImageMapKit in Frameworks */ = {isa = PBXBuildFile; productRef = C42522F22AF80E0B00713390 /* SDWebImageMapKit */; };
		C42522F52AF81D0900713390 /* TitleTableViewCell.swift in Sources */ = {isa = PBXBuildFile; fileRef = C42522F42AF81D0900713390 /* TitleTableViewCell.swift */; };
		C42522F72AF81F5D00713390 /* TitleViewModel.swift in Sources */ = {isa = PBXBuildFile; fileRef = C42522F62AF81F5D00713390 /* TitleViewModel.swift */; };
/* End PBXBuildFile section */

/* Begin PBXFileReference section */
		C42522BC2AF7971E00713390 /* Netflix-MVVM.app */ = {isa = PBXFileReference; explicitFileType = wrapper.application; includeInIndex = 0; path = "Netflix-MVVM.app"; sourceTree = BUILT_PRODUCTS_DIR; };
		C42522BF2AF7971E00713390 /* AppDelegate.swift */ = {isa = PBXFileReference; lastKnownFileType = sourcecode.swift; path = AppDelegate.swift; sourceTree = "<group>"; };
		C42522C12AF7971E00713390 /* SceneDelegate.swift */ = {isa = PBXFileReference; lastKnownFileType = sourcecode.swift; path = SceneDelegate.swift; sourceTree = "<group>"; };
		C42522C32AF7971E00713390 /* MainTabBarViewController.swift */ = {isa = PBXFileReference; lastKnownFileType = sourcecode.swift; path = MainTabBarViewController.swift; sourceTree = "<group>"; };
		C42522C82AF7971F00713390 /* Assets.xcassets */ = {isa = PBXFileReference; lastKnownFileType = folder.assetcatalog; path = Assets.xcassets; sourceTree = "<group>"; };
		C42522CB2AF7971F00713390 /* Base */ = {isa = PBXFileReference; lastKnownFileType = file.storyboard; name = Base; path = Base.lproj/LaunchScreen.storyboard; sourceTree = "<group>"; };
		C42522CD2AF7971F00713390 /* Info.plist */ = {isa = PBXFileReference; lastKnownFileType = text.plist.xml; path = Info.plist; sourceTree = "<group>"; };
		C42522D42AF799A000713390 /* HomeViewController.swift */ = {isa = PBXFileReference; lastKnownFileType = sourcecode.swift; path = HomeViewController.swift; sourceTree = "<group>"; };
		C42522D62AF79A2E00713390 /* UpcomingViewController.swift */ = {isa = PBXFileReference; lastKnownFileType = sourcecode.swift; path = UpcomingViewController.swift; sourceTree = "<group>"; };
		C42522D82AF79A8800713390 /* SearchViewController.swift */ = {isa = PBXFileReference; lastKnownFileType = sourcecode.swift; path = SearchViewController.swift; sourceTree = "<group>"; };
		C42522DA2AF79ACB00713390 /* DownloadsViewController.swift */ = {isa = PBXFileReference; lastKnownFileType = sourcecode.swift; path = DownloadsViewController.swift; sourceTree = "<group>"; };
		C42522E12AF7C99700713390 /* CollectionViewTableViewCell.swift */ = {isa = PBXFileReference; lastKnownFileType = sourcecode.swift; path = CollectionViewTableViewCell.swift; sourceTree = "<group>"; };
		C42522E32AF7CF0F00713390 /* HeroHeaderUIView.swift */ = {isa = PBXFileReference; lastKnownFileType = sourcecode.swift; path = HeroHeaderUIView.swift; sourceTree = "<group>"; };
		C42522E52AF7E6D700713390 /* APICaller.swift */ = {isa = PBXFileReference; lastKnownFileType = sourcecode.swift; path = APICaller.swift; sourceTree = "<group>"; };
		C42522E72AF7ED8C00713390 /* Title.swift */ = {isa = PBXFileReference; lastKnownFileType = sourcecode.swift; path = Title.swift; sourceTree = "<group>"; };
		C42522E92AF8015000713390 /* Extensions.swift */ = {isa = PBXFileReference; lastKnownFileType = sourcecode.swift; path = Extensions.swift; sourceTree = "<group>"; };
		C42522ED2AF80B9300713390 /* TitleCollectionViewCell.swift */ = {isa = PBXFileReference; lastKnownFileType = sourcecode.swift; path = TitleCollectionViewCell.swift; sourceTree = "<group>"; };
		C42522F42AF81D0900713390 /* TitleTableViewCell.swift */ = {isa = PBXFileReference; lastKnownFileType = sourcecode.swift; path = TitleTableViewCell.swift; sourceTree = "<group>"; };
		C42522F62AF81F5D00713390 /* TitleViewModel.swift */ = {isa = PBXFileReference; lastKnownFileType = sourcecode.swift; path = TitleViewModel.swift; sourceTree = "<group>"; };
/* End PBXFileReference section */

/* Begin PBXFrameworksBuildPhase section */
		C42522B92AF7971E00713390 /* Frameworks */ = {
			isa = PBXFrameworksBuildPhase;
			buildActionMask = 2147483647;
			files = (
				C42522F32AF80E0B00713390 /* SDWebImageMapKit in Frameworks */,
				C42522F12AF80E0B00713390 /* SDWebImage in Frameworks */,
			);
			runOnlyForDeploymentPostprocessing = 0;
		};
/* End PBXFrameworksBuildPhase section */

/* Begin PBXGroup section */
		C42522B32AF7971E00713390 = {
			isa = PBXGroup;
			children = (
				C42522BE2AF7971E00713390 /* Netflix-MVVM */,
				C42522BD2AF7971E00713390 /* Products */,
			);
			sourceTree = "<group>";
		};
		C42522BD2AF7971E00713390 /* Products */ = {
			isa = PBXGroup;
			children = (
				C42522BC2AF7971E00713390 /* Netflix-MVVM.app */,
			);
			name = Products;
			sourceTree = "<group>";
		};
		C42522BE2AF7971E00713390 /* Netflix-MVVM */ = {
			isa = PBXGroup;
			children = (
				C42522E02AF7C92200713390 /* Managers */,
				C42522DF2AF7C91D00713390 /* Resources */,
				C42522DE2AF7C8EC00713390 /* Models */,
				C42522DC2AF7C8CA00713390 /* Views */,
				C42522DD2AF7C8E200713390 /* ViewModels */,
				C42522D32AF7995B00713390 /* Controllers */,
				C42522C82AF7971F00713390 /* Assets.xcassets */,
				C42522CA2AF7971F00713390 /* LaunchScreen.storyboard */,
				C42522CD2AF7971F00713390 /* Info.plist */,
				C42522BF2AF7971E00713390 /* AppDelegate.swift */,
				C42522C12AF7971E00713390 /* SceneDelegate.swift */,
				C42522C32AF7971E00713390 /* MainTabBarViewController.swift */,
			);
			path = "Netflix-MVVM";
			sourceTree = "<group>";
		};
		C42522D32AF7995B00713390 /* Controllers */ = {
			isa = PBXGroup;
			children = (
				C42522D42AF799A000713390 /* HomeViewController.swift */,
				C42522D62AF79A2E00713390 /* UpcomingViewController.swift */,
				C42522D82AF79A8800713390 /* SearchViewController.swift */,
				C42522DA2AF79ACB00713390 /* DownloadsViewController.swift */,
			);
			path = Controllers;
			sourceTree = "<group>";
		};
		C42522DC2AF7C8CA00713390 /* Views */ = {
			isa = PBXGroup;
			children = (
				C42522E12AF7C99700713390 /* CollectionViewTableViewCell.swift */,
				C42522E32AF7CF0F00713390 /* HeroHeaderUIView.swift */,
				C42522ED2AF80B9300713390 /* TitleCollectionViewCell.swift */,
				C42522F42AF81D0900713390 /* TitleTableViewCell.swift */,
			);
			path = Views;
			sourceTree = "<group>";
		};
		C42522DD2AF7C8E200713390 /* ViewModels */ = {
			isa = PBXGroup;
			children = (
				C42522F62AF81F5D00713390 /* TitleViewModel.swift */,
			);
			path = ViewModels;
			sourceTree = "<group>";
		};
		C42522DE2AF7C8EC00713390 /* Models */ = {
			isa = PBXGroup;
			children = (
				C42522E72AF7ED8C00713390 /* Title.swift */,
			);
			path = Models;
			sourceTree = "<group>";
		};
		C42522DF2AF7C91D00713390 /* Resources */ = {
			isa = PBXGroup;
			children = (
				C42522E92AF8015000713390 /* Extensions.swift */,
			);
			path = Resources;
			sourceTree = "<group>";
		};
		C42522E02AF7C92200713390 /* Managers */ = {
			isa = PBXGroup;
			children = (
				C42522E52AF7E6D700713390 /* APICaller.swift */,
			);
			path = Managers;
			sourceTree = "<group>";
		};
/* End PBXGroup section */

/* Begin PBXNativeTarget section */
		C42522BB2AF7971E00713390 /* Netflix-MVVM */ = {
			isa = PBXNativeTarget;
			buildConfigurationList = C42522D02AF7971F00713390 /* Build configuration list for PBXNativeTarget "Netflix-MVVM" */;
			buildPhases = (
				C42522B82AF7971E00713390 /* Sources */,
				C42522B92AF7971E00713390 /* Frameworks */,
				C42522BA2AF7971E00713390 /* Resources */,
			);
			buildRules = (
			);
			dependencies = (
			);
			name = "Netflix-MVVM";
			packageProductDependencies = (
				C42522F02AF80E0B00713390 /* SDWebImage */,
				C42522F22AF80E0B00713390 /* SDWebImageMapKit */,
			);
			productName = "Netflix-MVVM";
			productReference = C42522BC2AF7971E00713390 /* Netflix-MVVM.app */;
			productType = "com.apple.product-type.application";
		};
/* End PBXNativeTarget section */

/* Begin PBXProject section */
		C42522B42AF7971E00713390 /* Project object */ = {
			isa = PBXProject;
			attributes = {
				BuildIndependentTargetsInParallel = 1;
				LastSwiftUpdateCheck = 1500;
				LastUpgradeCheck = 1500;
				TargetAttributes = {
					C42522BB2AF7971E00713390 = {
						CreatedOnToolsVersion = 15.0;
					};
				};
			};
			buildConfigurationList = C42522B72AF7971E00713390 /* Build configuration list for PBXProject "Netflix-MVVM" */;
			compatibilityVersion = "Xcode 14.0";
			developmentRegion = en;
			hasScannedForEncodings = 0;
			knownRegions = (
				en,
				Base,
			);
			mainGroup = C42522B32AF7971E00713390;
			packageReferences = (
				C42522EF2AF80E0B00713390 /* XCRemoteSwiftPackageReference "SDWebImage" */,
			);
			productRefGroup = C42522BD2AF7971E00713390 /* Products */;
			projectDirPath = "";
			projectRoot = "";
			targets = (
				C42522BB2AF7971E00713390 /* Netflix-MVVM */,
			);
		};
/* End PBXProject section */

/* Begin PBXResourcesBuildPhase section */
		C42522BA2AF7971E00713390 /* Resources */ = {
			isa = PBXResourcesBuildPhase;
			buildActionMask = 2147483647;
			files = (
				C42522CC2AF7971F00713390 /* LaunchScreen.storyboard in Resources */,
				C42522C92AF7971F00713390 /* Assets.xcassets in Resources */,
			);
			runOnlyForDeploymentPostprocessing = 0;
		};
/* End PBXResourcesBuildPhase section */

/* Begin PBXSourcesBuildPhase section */
		C42522B82AF7971E00713390 /* Sources */ = {
			isa = PBXSourcesBuildPhase;
			buildActionMask = 2147483647;
			files = (
				C42522F52AF81D0900713390 /* TitleTableViewCell.swift in Sources */,
				C42522D92AF79A8800713390 /* SearchViewController.swift in Sources */,
				C42522EE2AF80B9300713390 /* TitleCollectionViewCell.swift in Sources */,
				C42522C42AF7971E00713390 /* MainTabBarViewController.swift in Sources */,
				C42522E22AF7C99700713390 /* CollectionViewTableViewCell.swift in Sources */,
				C42522E62AF7E6D700713390 /* APICaller.swift in Sources */,
				C42522E42AF7CF0F00713390 /* HeroHeaderUIView.swift in Sources */,
				C42522DB2AF79ACB00713390 /* DownloadsViewController.swift in Sources */,
				C42522C02AF7971E00713390 /* AppDelegate.swift in Sources */,
				C42522EA2AF8015000713390 /* Extensions.swift in Sources */,
				C42522C22AF7971E00713390 /* SceneDelegate.swift in Sources */,
				C42522D72AF79A2E00713390 /* UpcomingViewController.swift in Sources */,
				C42522E82AF7ED8C00713390 /* Title.swift in Sources */,
				C42522D52AF799A000713390 /* HomeViewController.swift in Sources */,
				C42522F72AF81F5D00713390 /* TitleViewModel.swift in Sources */,
			);
			runOnlyForDeploymentPostprocessing = 0;
		};
/* End PBXSourcesBuildPhase section */

/* Begin PBXVariantGroup section */
		C42522CA2AF7971F00713390 /* LaunchScreen.storyboard */ = {
			isa = PBXVariantGroup;
			children = (
				C42522CB2AF7971F00713390 /* Base */,
			);
			name = LaunchScreen.storyboard;
			sourceTree = "<group>";
		};
/* End PBXVariantGroup section */

/* Begin XCBuildConfiguration section */
		C42522CE2AF7971F00713390 /* Debug */ = {
			isa = XCBuildConfiguration;
			buildSettings = {
				ALWAYS_SEARCH_USER_PATHS = NO;
				ASSETCATALOG_COMPILER_GENERATE_SWIFT_ASSET_SYMBOL_EXTENSIONS = YES;
				CLANG_ANALYZER_NONNULL = YES;
				CLANG_ANALYZER_NUMBER_OBJECT_CONVERSION = YES_AGGRESSIVE;
				CLANG_CXX_LANGUAGE_STANDARD = "gnu++20";
				CLANG_ENABLE_MODULES = YES;
				CLANG_ENABLE_OBJC_ARC = YES;
				CLANG_ENABLE_OBJC_WEAK = YES;
				CLANG_WARN_BLOCK_CAPTURE_AUTORELEASING = YES;
				CLANG_WARN_BOOL_CONVERSION = YES;
				CLANG_WARN_COMMA = YES;
				CLANG_WARN_CONSTANT_CONVERSION = YES;
				CLANG_WARN_DEPRECATED_OBJC_IMPLEMENTATIONS = YES;
				CLANG_WARN_DIRECT_OBJC_ISA_USAGE = YES_ERROR;
				CLANG_WARN_DOCUMENTATION_COMMENTS = YES;
				CLANG_WARN_EMPTY_BODY = YES;
				CLANG_WARN_ENUM_CONVERSION = YES;
				CLANG_WARN_INFINITE_RECURSION = YES;
				CLANG_WARN_INT_CONVERSION = YES;
				CLANG_WARN_NON_LITERAL_NULL_CONVERSION = YES;
				CLANG_WARN_OBJC_IMPLICIT_RETAIN_SELF = YES;
				CLANG_WARN_OBJC_LITERAL_CONVERSION = YES;
				CLANG_WARN_OBJC_ROOT_CLASS = YES_ERROR;
				CLANG_WARN_QUOTED_INCLUDE_IN_FRAMEWORK_HEADER = YES;
				CLANG_WARN_RANGE_LOOP_ANALYSIS = YES;
				CLANG_WARN_STRICT_PROTOTYPES = YES;
				CLANG_WARN_SUSPICIOUS_MOVE = YES;
				CLANG_WARN_UNGUARDED_AVAILABILITY = YES_AGGRESSIVE;
				CLANG_WARN_UNREACHABLE_CODE = YES;
				CLANG_WARN__DUPLICATE_METHOD_MATCH = YES;
				COPY_PHASE_STRIP = NO;
				DEBUG_INFORMATION_FORMAT = dwarf;
				ENABLE_STRICT_OBJC_MSGSEND = YES;
				ENABLE_TESTABILITY = YES;
				ENABLE_USER_SCRIPT_SANDBOXING = YES;
				GCC_C_LANGUAGE_STANDARD = gnu17;
				GCC_DYNAMIC_NO_PIC = NO;
				GCC_NO_COMMON_BLOCKS = YES;
				GCC_OPTIMIZATION_LEVEL = 0;
				GCC_PREPROCESSOR_DEFINITIONS = (
					"DEBUG=1",
					"$(inherited)",
				);
				GCC_WARN_64_TO_32_BIT_CONVERSION = YES;
				GCC_WARN_ABOUT_RETURN_TYPE = YES_ERROR;
				GCC_WARN_UNDECLARED_SELECTOR = YES;
				GCC_WARN_UNINITIALIZED_AUTOS = YES_AGGRESSIVE;
				GCC_WARN_UNUSED_FUNCTION = YES;
				GCC_WARN_UNUSED_VARIABLE = YES;
				IPHONEOS_DEPLOYMENT_TARGET = 17.0;
				LOCALIZATION_PREFERS_STRING_CATALOGS = YES;
				MTL_ENABLE_DEBUG_INFO = INCLUDE_SOURCE;
				MTL_FAST_MATH = YES;
				ONLY_ACTIVE_ARCH = YES;
				SDKROOT = iphoneos;
				SWIFT_ACTIVE_COMPILATION_CONDITIONS = "DEBUG $(inherited)";
				SWIFT_OPTIMIZATION_LEVEL = "-Onone";
			};
			name = Debug;
		};
		C42522CF2AF7971F00713390 /* Release */ = {
			isa = XCBuildConfiguration;
			buildSettings = {
				ALWAYS_SEARCH_USER_PATHS = NO;
				ASSETCATALOG_COMPILER_GENERATE_SWIFT_ASSET_SYMBOL_EXTENSIONS = YES;
				CLANG_ANALYZER_NONNULL = YES;
				CLANG_ANALYZER_NUMBER_OBJECT_CONVERSION = YES_AGGRESSIVE;
				CLANG_CXX_LANGUAGE_STANDARD = "gnu++20";
				CLANG_ENABLE_MODULES = YES;
				CLANG_ENABLE_OBJC_ARC = YES;
				CLANG_ENABLE_OBJC_WEAK = YES;
				CLANG_WARN_BLOCK_CAPTURE_AUTORELEASING = YES;
				CLANG_WARN_BOOL_CONVERSION = YES;
				CLANG_WARN_COMMA = YES;
				CLANG_WARN_CONSTANT_CONVERSION = YES;
				CLANG_WARN_DEPRECATED_OBJC_IMPLEMENTATIONS = YES;
				CLANG_WARN_DIRECT_OBJC_ISA_USAGE = YES_ERROR;
				CLANG_WARN_DOCUMENTATION_COMMENTS = YES;
				CLANG_WARN_EMPTY_BODY = YES;
				CLANG_WARN_ENUM_CONVERSION = YES;
				CLANG_WARN_INFINITE_RECURSION = YES;
				CLANG_WARN_INT_CONVERSION = YES;
				CLANG_WARN_NON_LITERAL_NULL_CONVERSION = YES;
				CLANG_WARN_OBJC_IMPLICIT_RETAIN_SELF = YES;
				CLANG_WARN_OBJC_LITERAL_CONVERSION = YES;
				CLANG_WARN_OBJC_ROOT_CLASS = YES_ERROR;
				CLANG_WARN_QUOTED_INCLUDE_IN_FRAMEWORK_HEADER = YES;
				CLANG_WARN_RANGE_LOOP_ANALYSIS = YES;
				CLANG_WARN_STRICT_PROTOTYPES = YES;
				CLANG_WARN_SUSPICIOUS_MOVE = YES;
				CLANG_WARN_UNGUARDED_AVAILABILITY = YES_AGGRESSIVE;
				CLANG_WARN_UNREACHABLE_CODE = YES;
				CLANG_WARN__DUPLICATE_METHOD_MATCH = YES;
				COPY_PHASE_STRIP = NO;
				DEBUG_INFORMATION_FORMAT = "dwarf-with-dsym";
				ENABLE_NS_ASSERTIONS = NO;
				ENABLE_STRICT_OBJC_MSGSEND = YES;
				ENABLE_USER_SCRIPT_SANDBOXING = YES;
				GCC_C_LANGUAGE_STANDARD = gnu17;
				GCC_NO_COMMON_BLOCKS = YES;
				GCC_WARN_64_TO_32_BIT_CONVERSION = YES;
				GCC_WARN_ABOUT_RETURN_TYPE = YES_ERROR;
				GCC_WARN_UNDECLARED_SELECTOR = YES;
				GCC_WARN_UNINITIALIZED_AUTOS = YES_AGGRESSIVE;
				GCC_WARN_UNUSED_FUNCTION = YES;
				GCC_WARN_UNUSED_VARIABLE = YES;
				IPHONEOS_DEPLOYMENT_TARGET = 17.0;
				LOCALIZATION_PREFERS_STRING_CATALOGS = YES;
				MTL_ENABLE_DEBUG_INFO = NO;
				MTL_FAST_MATH = YES;
				SDKROOT = iphoneos;
				SWIFT_COMPILATION_MODE = wholemodule;
				VALIDATE_PRODUCT = YES;
			};
			name = Release;
		};
		C42522D12AF7971F00713390 /* Debug */ = {
			isa = XCBuildConfiguration;
			buildSettings = {
				ASSETCATALOG_COMPILER_APPICON_NAME = AppIcon;
				ASSETCATALOG_COMPILER_GLOBAL_ACCENT_COLOR_NAME = AccentColor;
				CODE_SIGN_STYLE = Automatic;
				CURRENT_PROJECT_VERSION = 1;
				DEVELOPMENT_TEAM = 4CX3G85ALP;
				GENERATE_INFOPLIST_FILE = YES;
				INFOPLIST_FILE = "Netflix-MVVM/Info.plist";
				INFOPLIST_KEY_UIApplicationSupportsIndirectInputEvents = YES;
				INFOPLIST_KEY_UILaunchStoryboardName = LaunchScreen;
				INFOPLIST_KEY_UIMainStoryboardFile = "";
				INFOPLIST_KEY_UISupportedInterfaceOrientations_iPad = "UIInterfaceOrientationPortrait UIInterfaceOrientationPortraitUpsideDown UIInterfaceOrientationLandscapeLeft UIInterfaceOrientationLandscapeRight";
				INFOPLIST_KEY_UISupportedInterfaceOrientations_iPhone = "UIInterfaceOrientationPortrait UIInterfaceOrientationLandscapeLeft UIInterfaceOrientationLandscapeRight";
				LD_RUNPATH_SEARCH_PATHS = (
					"$(inherited)",
					"@executable_path/Frameworks",
				);
				MARKETING_VERSION = 1.0;
				PRODUCT_BUNDLE_IDENTIFIER = "eyupMert.Netflix-MVVM";
				PRODUCT_NAME = "$(TARGET_NAME)";
				SWIFT_EMIT_LOC_STRINGS = YES;
				SWIFT_VERSION = 5.0;
				TARGETED_DEVICE_FAMILY = "1,2";
			};
			name = Debug;
		};
		C42522D22AF7971F00713390 /* Release */ = {
			isa = XCBuildConfiguration;
			buildSettings = {
				ASSETCATALOG_COMPILER_APPICON_NAME = AppIcon;
				ASSETCATALOG_COMPILER_GLOBAL_ACCENT_COLOR_NAME = AccentColor;
				CODE_SIGN_STYLE = Automatic;
				CURRENT_PROJECT_VERSION = 1;
				DEVELOPMENT_TEAM = 4CX3G85ALP;
				GENERATE_INFOPLIST_FILE = YES;
				INFOPLIST_FILE = "Netflix-MVVM/Info.plist";
				INFOPLIST_KEY_UIApplicationSupportsIndirectInputEvents = YES;
				INFOPLIST_KEY_UILaunchStoryboardName = LaunchScreen;
				INFOPLIST_KEY_UIMainStoryboardFile = "";
				INFOPLIST_KEY_UISupportedInterfaceOrientations_iPad = "UIInterfaceOrientationPortrait UIInterfaceOrientationPortraitUpsideDown UIInterfaceOrientationLandscapeLeft UIInterfaceOrientationLandscapeRight";
				INFOPLIST_KEY_UISupportedInterfaceOrientations_iPhone = "UIInterfaceOrientationPortrait UIInterfaceOrientationLandscapeLeft UIInterfaceOrientationLandscapeRight";
				LD_RUNPATH_SEARCH_PATHS = (
					"$(inherited)",
					"@executable_path/Frameworks",
				);
				MARKETING_VERSION = 1.0;
				PRODUCT_BUNDLE_IDENTIFIER = "eyupMert.Netflix-MVVM";
				PRODUCT_NAME = "$(TARGET_NAME)";
				SWIFT_EMIT_LOC_STRINGS = YES;
				SWIFT_VERSION = 5.0;
				TARGETED_DEVICE_FAMILY = "1,2";
			};
			name = Release;
		};
/* End XCBuildConfiguration section */

/* Begin XCConfigurationList section */
		C42522B72AF7971E00713390 /* Build configuration list for PBXProject "Netflix-MVVM" */ = {
			isa = XCConfigurationList;
			buildConfigurations = (
				C42522CE2AF7971F00713390 /* Debug */,
				C42522CF2AF7971F00713390 /* Release */,
			);
			defaultConfigurationIsVisible = 0;
			defaultConfigurationName = Release;
		};
		C42522D02AF7971F00713390 /* Build configuration list for PBXNativeTarget "Netflix-MVVM" */ = {
			isa = XCConfigurationList;
			buildConfigurations = (
				C42522D12AF7971F00713390 /* Debug */,
				C42522D22AF7971F00713390 /* Release */,
			);
			defaultConfigurationIsVisible = 0;
			defaultConfigurationName = Release;
		};
/* End XCConfigurationList section */

/* Begin XCRemoteSwiftPackageReference section */
		C42522EF2AF80E0B00713390 /* XCRemoteSwiftPackageReference "SDWebImage" */ = {
			isa = XCRemoteSwiftPackageReference;
			repositoryURL = "https://github.com/SDWebImage/SDWebImage.git";
			requirement = {
				kind = upToNextMajorVersion;
				minimumVersion = 5.18.4;
			};
		};
/* End XCRemoteSwiftPackageReference section */

/* Begin XCSwiftPackageProductDependency section */
		C42522F02AF80E0B00713390 /* SDWebImage */ = {
			isa = XCSwiftPackageProductDependency;
			package = C42522EF2AF80E0B00713390 /* XCRemoteSwiftPackageReference "SDWebImage" */;
			productName = SDWebImage;
		};
		C42522F22AF80E0B00713390 /* SDWebImageMapKit */ = {
			isa = XCSwiftPackageProductDependency;
			package = C42522EF2AF80E0B00713390 /* XCRemoteSwiftPackageReference "SDWebImage" */;
			productName = SDWebImageMapKit;
		};
/* End XCSwiftPackageProductDependency section */
	};
	rootObject = C42522B42AF7971E00713390 /* Project object */;
}
